
Microsoft Visual Studio Solution File, Format Version 12.00
# Visual Studio Version 16
VisualStudioVersion = 16.0.29306.81
MinimumVisualStudioVersion = 10.0.40219.1
Project("{FAE04EC0-301F-11D3-BF4B-00C04F79EFBC}") = "People.Client", "People.Client\People.Client.csproj", "{E7F5E265-C3CD-415A-AA87-19D8BDD09689}"
EndProject
Project("{FAE04EC0-301F-11D3-BF4B-00C04F79EFBC}") = "People.Server", "People.Server\People.Server.csproj", "{64AAFB34-998F-4835-A788-AF8F53C21AAB}"
EndProject
Project("{FAE04EC0-301F-11D3-BF4B-00C04F79EFBC}") = "People.DAL", "People.DAL\People.DAL.csproj", "{A5DEC252-DB33-4EDA-921D-912D2B44DE4A}"
EndProject
Global
	GlobalSection(SolutionConfigurationPlatforms) = preSolution
		Debug|Any CPU = Debug|Any CPU
		Release|Any CPU = Release|Any CPU
	EndGlobalSection
	GlobalSection(ProjectConfigurationPlatforms) = postSolution
		{E7F5E265-C3CD-415A-AA87-19D8BDD09689}.Debug|Any CPU.ActiveCfg = Debug|Any CPU
		{E7F5E265-C3CD-415A-AA87-19D8BDD09689}.Debug|Any CPU.Build.0 = Debug|Any CPU
		{E7F5E265-C3CD-415A-AA87-19D8BDD09689}.Release|Any CPU.ActiveCfg = Release|Any CPU
		{E7F5E265-C3CD-415A-AA87-19D8BDD09689}.Release|Any CPU.Build.0 = Release|Any CPU
		{64AAFB34-998F-4835-A788-AF8F53C21AAB}.Debug|Any CPU.ActiveCfg = Debug|Any CPU
		{64AAFB34-998F-4835-A788-AF8F53C21AAB}.Debug|Any CPU.Build.0 = Debug|Any CPU
		{64AAFB34-998F-4835-A788-AF8F53C21AAB}.Release|Any CPU.ActiveCfg = Release|Any CPU
		{64AAFB34-998F-4835-A788-AF8F53C21AAB}.Release|Any CPU.Build.0 = Release|Any CPU
		{A5DEC252-DB33-4EDA-921D-912D2B44DE4A}.Debug|Any CPU.ActiveCfg = Debug|Any CPU
		{A5DEC252-DB33-4EDA-921D-912D2B44DE4A}.Debug|Any CPU.Build.0 = Debug|Any CPU
		{A5DEC252-DB33-4EDA-921D-912D2B44DE4A}.Release|Any CPU.ActiveCfg = Release|Any CPU
		{A5DEC252-DB33-4EDA-921D-912D2B44DE4A}.Release|Any CPU.Build.0 = Release|Any CPU
	EndGlobalSection
	GlobalSection(SolutionProperties) = preSolution
		HideSolutionNode = FALSE
	EndGlobalSection
	GlobalSection(ExtensibilityGlobals) = postSolution
		SolutionGuid = {29542D1E-BCEE-4F43-B4F0-1861E2EE664B}
	EndGlobalSection
EndGlobal
